
Microsoft Visual Studio Solution File, Format Version 12.00
# Visual Studio Version 17
VisualStudioVersion = 17.7.34024.191
MinimumVisualStudioVersion = 10.0.40219.1
Project("{FAE04EC0-301F-11D3-BF4B-00C04F79EFBC}") = "Cumulative1", "Cumulative1\Cumulative1.csproj", "{C2052487-E8D2-4A38-B8B0-AB9D674E7FEE}"
EndProject
Global
	GlobalSection(SolutionConfigurationPlatforms) = preSolution
		Debug|Any CPU = Debug|Any CPU
		Release|Any CPU = Release|Any CPU
	EndGlobalSection
	GlobalSection(ProjectConfigurationPlatforms) = postSolution
		{C2052487-E8D2-4A38-B8B0-AB9D674E7FEE}.Debug|Any CPU.ActiveCfg = Debug|Any CPU
		{C2052487-E8D2-4A38-B8B0-AB9D674E7FEE}.Debug|Any CPU.Build.0 = Debug|Any CPU
		{C2052487-E8D2-4A38-B8B0-AB9D674E7FEE}.Release|Any CPU.ActiveCfg = Release|Any CPU
		{C2052487-E8D2-4A38-B8B0-AB9D674E7FEE}.Release|Any CPU.Build.0 = Release|Any CPU
	EndGlobalSection
	GlobalSection(SolutionProperties) = preSolution
		HideSolutionNode = FALSE
	EndGlobalSection
	GlobalSection(ExtensibilityGlobals) = postSolution
		SolutionGuid = {69FE180D-ECD3-4C96-AA15-7974D3993B90}
	EndGlobalSection
EndGlobal
